
Microsoft Visual Studio Solution File, Format Version 15.00
# Visual Studio 2017
Project("{FAE04EC0-301F-11D3-BF4B-00C04F79EFBC}") = "PanGu.Core", "PanGu.Core.csproj", "{AC295B56-7CC8-4359-A156-F53511751593}"
EndProject
Global
	GlobalSection(SolutionConfigurationPlatforms) = preSolution
		Debug|Any CPU = Debug|Any CPU
		Release|Any CPU = Release|Any CPU
	EndGlobalSection
	GlobalSection(ProjectConfigurationPlatforms) = postSolution
		{AC295B56-7CC8-4359-A156-F53511751593}.Debug|Any CPU.ActiveCfg = Debug|Any CPU
		{AC295B56-7CC8-4359-A156-F53511751593}.Debug|Any CPU.Build.0 = Debug|Any CPU
		{AC295B56-7CC8-4359-A156-F53511751593}.Release|Any CPU.ActiveCfg = Release|Any CPU
		{AC295B56-7CC8-4359-A156-F53511751593}.Release|Any CPU.Build.0 = Release|Any CPU
	EndGlobalSection
EndGlobal
