
Microsoft Visual Studio Solution File, Format Version 15.00
# Visual Studio 2017
Project("{FAE04EC0-301F-11D3-BF4B-00C04F79EFBC}") = "PanGu.Lucene.Analyzer", "PanGu.Lucene.Analyzer.csproj", "{9F33E5D9-3D68-42E4-AABA-9D1A42F9CE80}"
EndProject
Global
	GlobalSection(SolutionConfigurationPlatforms) = preSolution
		Debug|Any CPU = Debug|Any CPU
		Release|Any CPU = Release|Any CPU
	EndGlobalSection
	GlobalSection(ProjectConfigurationPlatforms) = postSolution
		{9F33E5D9-3D68-42E4-AABA-9D1A42F9CE80}.Debug|Any CPU.ActiveCfg = Debug|Any CPU
		{9F33E5D9-3D68-42E4-AABA-9D1A42F9CE80}.Debug|Any CPU.Build.0 = Debug|Any CPU
		{9F33E5D9-3D68-42E4-AABA-9D1A42F9CE80}.Release|Any CPU.ActiveCfg = Release|Any CPU
		{9F33E5D9-3D68-42E4-AABA-9D1A42F9CE80}.Release|Any CPU.Build.0 = Release|Any CPU
	EndGlobalSection
EndGlobal
