
Microsoft Visual Studio Solution File, Format Version 12.00
# Visual Studio 2012
Project("{FAE04EC0-301F-11D3-BF4B-00C04F79EFBC}") = "PanGu.Lucene.Analyzer", "PanGu.Lucene.Analyzer\PanGu.Lucene.Analyzer.csproj", "{5A6AFB41-632D-46C0-B1AB-EB8B10C70A2A}"
EndProject
Project("{FAE04EC0-301F-11D3-BF4B-00C04F79EFBC}") = "PanGu", "PanGu\PanGu.csproj", "{091E1C60-F77B-45A1-844C-86C5F508B57B}"
EndProject
Project("{FAE04EC0-301F-11D3-BF4B-00C04F79EFBC}") = "Pangu.Demo", "PanGu.Demo\Pangu.Demo.csproj", "{6B5AB614-25F9-4628-9F4C-594C3B2F4049}"
EndProject
Project("{FAE04EC0-301F-11D3-BF4B-00C04F79EFBC}") = "PanGu.HighLight", "PanGu.HighLight\PanGu.HighLight.csproj", "{49ADDF91-A6AD-4659-BCC9-C34E3596AC89}"
EndProject
Project("{FAE04EC0-301F-11D3-BF4B-00C04F79EFBC}") = "PanGu.Lucene.Demo", "PanGu.Lucene.Demo\PanGu.Lucene.Demo.csproj", "{492783F0-F47F-42DB-8681-EEBE424CF756}"
EndProject
Global
	GlobalSection(SolutionConfigurationPlatforms) = preSolution
		Debug|.NET = Debug|.NET
		Debug|Any CPU = Debug|Any CPU
		Debug|Mixed Platforms = Debug|Mixed Platforms
		Release|.NET = Release|.NET
		Release|Any CPU = Release|Any CPU
		Release|Mixed Platforms = Release|Mixed Platforms
	EndGlobalSection
	GlobalSection(ProjectConfigurationPlatforms) = postSolution
		{5A6AFB41-632D-46C0-B1AB-EB8B10C70A2A}.Debug|.NET.ActiveCfg = Debug|Any CPU
		{5A6AFB41-632D-46C0-B1AB-EB8B10C70A2A}.Debug|Any CPU.ActiveCfg = Debug|Any CPU
		{5A6AFB41-632D-46C0-B1AB-EB8B10C70A2A}.Debug|Any CPU.Build.0 = Debug|Any CPU
		{5A6AFB41-632D-46C0-B1AB-EB8B10C70A2A}.Debug|Mixed Platforms.ActiveCfg = Debug|Any CPU
		{5A6AFB41-632D-46C0-B1AB-EB8B10C70A2A}.Debug|Mixed Platforms.Build.0 = Debug|Any CPU
		{5A6AFB41-632D-46C0-B1AB-EB8B10C70A2A}.Release|.NET.ActiveCfg = Release|Any CPU
		{5A6AFB41-632D-46C0-B1AB-EB8B10C70A2A}.Release|Any CPU.ActiveCfg = Release|Any CPU
		{5A6AFB41-632D-46C0-B1AB-EB8B10C70A2A}.Release|Any CPU.Build.0 = Release|Any CPU
		{5A6AFB41-632D-46C0-B1AB-EB8B10C70A2A}.Release|Mixed Platforms.ActiveCfg = Release|Any CPU
		{5A6AFB41-632D-46C0-B1AB-EB8B10C70A2A}.Release|Mixed Platforms.Build.0 = Release|Any CPU
		{091E1C60-F77B-45A1-844C-86C5F508B57B}.Debug|.NET.ActiveCfg = Debug|Any CPU
		{091E1C60-F77B-45A1-844C-86C5F508B57B}.Debug|Any CPU.ActiveCfg = Debug|Any CPU
		{091E1C60-F77B-45A1-844C-86C5F508B57B}.Debug|Any CPU.Build.0 = Debug|Any CPU
		{091E1C60-F77B-45A1-844C-86C5F508B57B}.Debug|Mixed Platforms.ActiveCfg = Debug|Any CPU
		{091E1C60-F77B-45A1-844C-86C5F508B57B}.Debug|Mixed Platforms.Build.0 = Debug|Any CPU
		{091E1C60-F77B-45A1-844C-86C5F508B57B}.Release|.NET.ActiveCfg = Release|Any CPU
		{091E1C60-F77B-45A1-844C-86C5F508B57B}.Release|Any CPU.ActiveCfg = Release|Any CPU
		{091E1C60-F77B-45A1-844C-86C5F508B57B}.Release|Any CPU.Build.0 = Release|Any CPU
		{091E1C60-F77B-45A1-844C-86C5F508B57B}.Release|Mixed Platforms.ActiveCfg = Release|Any CPU
		{091E1C60-F77B-45A1-844C-86C5F508B57B}.Release|Mixed Platforms.Build.0 = Release|Any CPU
		{6B5AB614-25F9-4628-9F4C-594C3B2F4049}.Debug|.NET.ActiveCfg = Debug|Any CPU
		{6B5AB614-25F9-4628-9F4C-594C3B2F4049}.Debug|Any CPU.ActiveCfg = Debug|Any CPU
		{6B5AB614-25F9-4628-9F4C-594C3B2F4049}.Debug|Any CPU.Build.0 = Debug|Any CPU
		{6B5AB614-25F9-4628-9F4C-594C3B2F4049}.Debug|Mixed Platforms.ActiveCfg = Debug|Any CPU
		{6B5AB614-25F9-4628-9F4C-594C3B2F4049}.Debug|Mixed Platforms.Build.0 = Debug|Any CPU
		{6B5AB614-25F9-4628-9F4C-594C3B2F4049}.Release|.NET.ActiveCfg = Release|Any CPU
		{6B5AB614-25F9-4628-9F4C-594C3B2F4049}.Release|Any CPU.ActiveCfg = Release|Any CPU
		{6B5AB614-25F9-4628-9F4C-594C3B2F4049}.Release|Any CPU.Build.0 = Release|Any CPU
		{6B5AB614-25F9-4628-9F4C-594C3B2F4049}.Release|Mixed Platforms.ActiveCfg = Release|Any CPU
		{6B5AB614-25F9-4628-9F4C-594C3B2F4049}.Release|Mixed Platforms.Build.0 = Release|Any CPU
		{49ADDF91-A6AD-4659-BCC9-C34E3596AC89}.Debug|.NET.ActiveCfg = Debug|Any CPU
		{49ADDF91-A6AD-4659-BCC9-C34E3596AC89}.Debug|Any CPU.ActiveCfg = Debug|Any CPU
		{49ADDF91-A6AD-4659-BCC9-C34E3596AC89}.Debug|Any CPU.Build.0 = Debug|Any CPU
		{49ADDF91-A6AD-4659-BCC9-C34E3596AC89}.Debug|Mixed Platforms.ActiveCfg = Debug|Any CPU
		{49ADDF91-A6AD-4659-BCC9-C34E3596AC89}.Debug|Mixed Platforms.Build.0 = Debug|Any CPU
		{49ADDF91-A6AD-4659-BCC9-C34E3596AC89}.Release|.NET.ActiveCfg = Release|Any CPU
		{49ADDF91-A6AD-4659-BCC9-C34E3596AC89}.Release|Any CPU.ActiveCfg = Release|Any CPU
		{49ADDF91-A6AD-4659-BCC9-C34E3596AC89}.Release|Any CPU.Build.0 = Release|Any CPU
		{49ADDF91-A6AD-4659-BCC9-C34E3596AC89}.Release|Mixed Platforms.ActiveCfg = Release|Any CPU
		{49ADDF91-A6AD-4659-BCC9-C34E3596AC89}.Release|Mixed Platforms.Build.0 = Release|Any CPU
		{492783F0-F47F-42DB-8681-EEBE424CF756}.Debug|.NET.ActiveCfg = Debug|Any CPU
		{492783F0-F47F-42DB-8681-EEBE424CF756}.Debug|Any CPU.ActiveCfg = Debug|Any CPU
		{492783F0-F47F-42DB-8681-EEBE424CF756}.Debug|Any CPU.Build.0 = Debug|Any CPU
		{492783F0-F47F-42DB-8681-EEBE424CF756}.Debug|Mixed Platforms.ActiveCfg = Debug|Any CPU
		{492783F0-F47F-42DB-8681-EEBE424CF756}.Debug|Mixed Platforms.Build.0 = Debug|Any CPU
		{492783F0-F47F-42DB-8681-EEBE424CF756}.Release|.NET.ActiveCfg = Release|Any CPU
		{492783F0-F47F-42DB-8681-EEBE424CF756}.Release|Any CPU.ActiveCfg = Release|Any CPU
		{492783F0-F47F-42DB-8681-EEBE424CF756}.Release|Any CPU.Build.0 = Release|Any CPU
		{492783F0-F47F-42DB-8681-EEBE424CF756}.Release|Mixed Platforms.ActiveCfg = Release|Any CPU
		{492783F0-F47F-42DB-8681-EEBE424CF756}.Release|Mixed Platforms.Build.0 = Release|Any CPU
	EndGlobalSection
	GlobalSection(SolutionProperties) = preSolution
		HideSolutionNode = FALSE
	EndGlobalSection
EndGlobal
